Microsoft Visual Studio Solution File, Format Version 12.00
# Visual Studio Version 17
VisualStudioVersion = 17.5.2.0
MinimumVisualStudioVersion = 10.0.40219.1
Project("{FAE04EC0-301F-11D3-BF4B-00C04F79EFBC}") = "SecondaryDbConsumer", "SecondaryDbConsumer.csproj", "{77685244-82B4-BC3F-85A3-D3EB036F6EC4}"
EndProject
Global
	GlobalSection(SolutionConfigurationPlatforms) = preSolution
		Debug|Any CPU = Debug|Any CPU
		Release|Any CPU = Release|Any CPU
	EndGlobalSection
	GlobalSection(ProjectConfigurationPlatforms) = postSolution
		{77685244-82B4-BC3F-85A3-D3EB036F6EC4}.Debug|Any CPU.ActiveCfg = Debug|Any CPU
		{77685244-82B4-BC3F-85A3-D3EB036F6EC4}.Debug|Any CPU.Build.0 = Debug|Any CPU
		{77685244-82B4-BC3F-85A3-D3EB036F6EC4}.Release|Any CPU.ActiveCfg = Release|Any CPU
		{77685244-82B4-BC3F-85A3-D3EB036F6EC4}.Release|Any CPU.Build.0 = Release|Any CPU
	EndGlobalSection
	GlobalSection(SolutionProperties) = preSolution
		HideSolutionNode = FALSE
	EndGlobalSection
	GlobalSection(ExtensibilityGlobals) = postSolution
		SolutionGuid = {E2F9EB78-DCA2-4E99-A9DB-3AF4AAADD4C7}
	EndGlobalSection
EndGlobal
